
Microsoft Visual Studio Solution File, Format Version 12.00
# Visual Studio Version 16
VisualStudioVersion = 16.0.30204.135
MinimumVisualStudioVersion = 10.0.40219.1
Project("{E53339B2-1760-4266-BCC7-CA923CBCF16C}") = "docker-compose", "docker-compose.dcproj", "{DDE0ABC7-309E-4F4C-85F2-6AE548EA4122}"
EndProject
Project("{9A19103F-16F7-4668-BE54-9A1E7A4F7556}") = "WebApplicationAPI", "WebApp\WebApplicationAPI.csproj", "{060BEC6B-3523-4F31-85BD-25808A913242}"
EndProject
Project("{FAE04EC0-301F-11D3-BF4B-00C04F79EFBC}") = "IntegrationTests", "IntegrationTests\IntegrationTests.csproj", "{EAEDD1FA-B779-44BE-92EC-9AAEDC1E9C41}"
EndProject
Global
	GlobalSection(SolutionConfigurationPlatforms) = preSolution
		Debug|Any CPU = Debug|Any CPU
		Release|Any CPU = Release|Any CPU
	EndGlobalSection
	GlobalSection(ProjectConfigurationPlatforms) = postSolution
		{DDE0ABC7-309E-4F4C-85F2-6AE548EA4122}.Debug|Any CPU.ActiveCfg = Debug|Any CPU
		{DDE0ABC7-309E-4F4C-85F2-6AE548EA4122}.Debug|Any CPU.Build.0 = Debug|Any CPU
		{DDE0ABC7-309E-4F4C-85F2-6AE548EA4122}.Release|Any CPU.ActiveCfg = Release|Any CPU
		{DDE0ABC7-309E-4F4C-85F2-6AE548EA4122}.Release|Any CPU.Build.0 = Release|Any CPU
		{060BEC6B-3523-4F31-85BD-25808A913242}.Debug|Any CPU.ActiveCfg = Debug|Any CPU
		{060BEC6B-3523-4F31-85BD-25808A913242}.Debug|Any CPU.Build.0 = Debug|Any CPU
		{060BEC6B-3523-4F31-85BD-25808A913242}.Release|Any CPU.ActiveCfg = Release|Any CPU
		{060BEC6B-3523-4F31-85BD-25808A913242}.Release|Any CPU.Build.0 = Release|Any CPU
		{EAEDD1FA-B779-44BE-92EC-9AAEDC1E9C41}.Debug|Any CPU.ActiveCfg = Debug|Any CPU
		{EAEDD1FA-B779-44BE-92EC-9AAEDC1E9C41}.Debug|Any CPU.Build.0 = Debug|Any CPU
		{EAEDD1FA-B779-44BE-92EC-9AAEDC1E9C41}.Release|Any CPU.ActiveCfg = Release|Any CPU
		{EAEDD1FA-B779-44BE-92EC-9AAEDC1E9C41}.Release|Any CPU.Build.0 = Release|Any CPU
	EndGlobalSection
	GlobalSection(SolutionProperties) = preSolution
		HideSolutionNode = FALSE
	EndGlobalSection
	GlobalSection(ExtensibilityGlobals) = postSolution
		SolutionGuid = {CF65AA45-DFA1-4839-A8A9-05D0DF9793AA}
	EndGlobalSection
EndGlobal
