
Microsoft Visual Studio Solution File, Format Version 12.00
# Visual Studio Version 16
VisualStudioVersion = 16.0.30204.135
MinimumVisualStudioVersion = 10.0.40219.1
Project("{E53339B2-1760-4266-BCC7-CA923CBCF16C}") = "docker-compose", "docker-compose.dcproj", "{DDE0ABC7-309E-4F4C-85F2-6AE548EA4122}"
EndProject
Project("{2150E333-8FDC-42A3-9474-1A3956D46DE8}") = "Tests", "Tests", "{A5EFB0B7-785D-4D88-8EBE-92D2D48037FF}"
EndProject
Project("{9A19103F-16F7-4668-BE54-9A1E7A4F7556}") = "IntegrationTests", "tests\IntegrationTests\IntegrationTests.csproj", "{6AF1F25C-63AD-4D99-BAFA-3666B1252772}"
EndProject
Project("{9A19103F-16F7-4668-BE54-9A1E7A4F7556}") = "WebApplicationAPI", "src\WebApp\WebApplicationAPI.csproj", "{E0B6A377-90C5-4FB7-8FA6-1B2FF1412552}"
EndProject
Project("{FAE04EC0-301F-11D3-BF4B-00C04F79EFBC}") = "WebApplicationSDK", "src\WebApplicationSDK\WebApplicationSDK.csproj", "{DEA785D3-9DB8-43DA-A293-1159818CBE0B}"
EndProject
Project("{FAE04EC0-301F-11D3-BF4B-00C04F79EFBC}") = "WebApplicationSDK.Sample", "src\WebApplicationSDK.Sample\WebApplicationSDK.Sample.csproj", "{214D4BDE-527B-4046-9EA9-DA4BA0EA2E62}"
EndProject
Project("{FAE04EC0-301F-11D3-BF4B-00C04F79EFBC}") = "WebApplicationAPI.Contracts", "src\WebApplicationAPI.Contracts\WebApplicationAPI.Contracts.csproj", "{E132E156-9F76-4BA4-A3E4-2391B9C21606}"
EndProject
Global
	GlobalSection(SolutionConfigurationPlatforms) = preSolution
		Debug|Any CPU = Debug|Any CPU
		Release|Any CPU = Release|Any CPU
	EndGlobalSection
	GlobalSection(ProjectConfigurationPlatforms) = postSolution
		{DDE0ABC7-309E-4F4C-85F2-6AE548EA4122}.Debug|Any CPU.ActiveCfg = Debug|Any CPU
		{DDE0ABC7-309E-4F4C-85F2-6AE548EA4122}.Debug|Any CPU.Build.0 = Debug|Any CPU
		{DDE0ABC7-309E-4F4C-85F2-6AE548EA4122}.Release|Any CPU.ActiveCfg = Release|Any CPU
		{DDE0ABC7-309E-4F4C-85F2-6AE548EA4122}.Release|Any CPU.Build.0 = Release|Any CPU
		{6AF1F25C-63AD-4D99-BAFA-3666B1252772}.Debug|Any CPU.ActiveCfg = Debug|Any CPU
		{6AF1F25C-63AD-4D99-BAFA-3666B1252772}.Debug|Any CPU.Build.0 = Debug|Any CPU
		{6AF1F25C-63AD-4D99-BAFA-3666B1252772}.Release|Any CPU.ActiveCfg = Release|Any CPU
		{6AF1F25C-63AD-4D99-BAFA-3666B1252772}.Release|Any CPU.Build.0 = Release|Any CPU
		{E0B6A377-90C5-4FB7-8FA6-1B2FF1412552}.Debug|Any CPU.ActiveCfg = Debug|Any CPU
		{E0B6A377-90C5-4FB7-8FA6-1B2FF1412552}.Debug|Any CPU.Build.0 = Debug|Any CPU
		{E0B6A377-90C5-4FB7-8FA6-1B2FF1412552}.Release|Any CPU.ActiveCfg = Release|Any CPU
		{E0B6A377-90C5-4FB7-8FA6-1B2FF1412552}.Release|Any CPU.Build.0 = Release|Any CPU
		{DEA785D3-9DB8-43DA-A293-1159818CBE0B}.Debug|Any CPU.ActiveCfg = Debug|Any CPU
		{DEA785D3-9DB8-43DA-A293-1159818CBE0B}.Debug|Any CPU.Build.0 = Debug|Any CPU
		{DEA785D3-9DB8-43DA-A293-1159818CBE0B}.Release|Any CPU.ActiveCfg = Release|Any CPU
		{DEA785D3-9DB8-43DA-A293-1159818CBE0B}.Release|Any CPU.Build.0 = Release|Any CPU
		{214D4BDE-527B-4046-9EA9-DA4BA0EA2E62}.Debug|Any CPU.ActiveCfg = Debug|Any CPU
		{214D4BDE-527B-4046-9EA9-DA4BA0EA2E62}.Debug|Any CPU.Build.0 = Debug|Any CPU
		{214D4BDE-527B-4046-9EA9-DA4BA0EA2E62}.Release|Any CPU.ActiveCfg = Release|Any CPU
		{214D4BDE-527B-4046-9EA9-DA4BA0EA2E62}.Release|Any CPU.Build.0 = Release|Any CPU
		{E132E156-9F76-4BA4-A3E4-2391B9C21606}.Debug|Any CPU.ActiveCfg = Debug|Any CPU
		{E132E156-9F76-4BA4-A3E4-2391B9C21606}.Debug|Any CPU.Build.0 = Debug|Any CPU
		{E132E156-9F76-4BA4-A3E4-2391B9C21606}.Release|Any CPU.ActiveCfg = Release|Any CPU
		{E132E156-9F76-4BA4-A3E4-2391B9C21606}.Release|Any CPU.Build.0 = Release|Any CPU
	EndGlobalSection
	GlobalSection(SolutionProperties) = preSolution
		HideSolutionNode = FALSE
	EndGlobalSection
	GlobalSection(NestedProjects) = preSolution
		{6AF1F25C-63AD-4D99-BAFA-3666B1252772} = {A5EFB0B7-785D-4D88-8EBE-92D2D48037FF}
	EndGlobalSection
	GlobalSection(ExtensibilityGlobals) = postSolution
		SolutionGuid = {CF65AA45-DFA1-4839-A8A9-05D0DF9793AA}
	EndGlobalSection
EndGlobal
